
Microsoft Visual Studio Solution File, Format Version 12.00
# Visual Studio Version 17
VisualStudioVersion = 17.2.32210.308
MinimumVisualStudioVersion = 10.0.40219.1
Project("{2150E333-8FDC-42A3-9474-1A3956D46DE8}") = "Api", "Api", "{85308964-E0B4-47A3-8C28-E8FE4618A81D}"
EndProject
Project("{2150E333-8FDC-42A3-9474-1A3956D46DE8}") = "Infrastructure", "Infrastructure", "{5DDB4D6B-A009-4F82-9DF7-7F314659DF92}"
EndProject
Project("{2150E333-8FDC-42A3-9474-1A3956D46DE8}") = "Core", "Core", "{68060555-FBC8-44F5-A584-5B0D2E09C7DD}"
EndProject
Project("{2150E333-8FDC-42A3-9474-1A3956D46DE8}") = "Tests", "Tests", "{2BD7075D-10DB-484D-A309-1BE84842816B}"
EndProject
Project("{9A19103F-16F7-4668-BE54-9A1E7A4F7556}") = "Wbx.Sample.Host", "src\Wbx.Sample.Host\Wbx.Sample.Host.csproj", "{1F2AB47C-D857-4067-8C11-1DA640CCD302}"
EndProject
Project("{9A19103F-16F7-4668-BE54-9A1E7A4F7556}") = "Wbx.Sample.Grpc.Service", "src\Wbx.Sample.Grpc\Wbx.Sample.Grpc.Service.csproj", "{4D9C8FAF-E32C-45DE-8E45-7062D4892364}"
EndProject
Project("{9A19103F-16F7-4668-BE54-9A1E7A4F7556}") = "Wbx.Sample.Grpc.Client", "src\Wbx.Sample.Grpc.Client\Wbx.Sample.Grpc.Client.csproj", "{7E58A41E-F16D-4292-BBB9-8B46D00ABA70}"
EndProject
Project("{9A19103F-16F7-4668-BE54-9A1E7A4F7556}") = "Wbx.Sample.Grpc.Proto", "src\Wbx.Sample.Grpc.Proto\Wbx.Sample.Grpc.Proto.csproj", "{9E5D9233-AA13-4008-A27D-6F30C60CC2DD}"
EndProject
Project("{9A19103F-16F7-4668-BE54-9A1E7A4F7556}") = "Wbx.Sample.Cache", "src\Wbx.Sample.Cache\Wbx.Sample.Cache.csproj", "{1CFA025D-D631-4F89-9EDE-6EA93092D83F}"
EndProject
Project("{9A19103F-16F7-4668-BE54-9A1E7A4F7556}") = "Wbx.Sample.Persistence", "src\Wbx.Sample.Persistence\Wbx.Sample.Persistence.csproj", "{8E2389CB-B990-4932-B493-1C5FE614C563}"
EndProject
Project("{9A19103F-16F7-4668-BE54-9A1E7A4F7556}") = "Wbx.Sample.Domain", "src\Wbx.Sample.Domain\Wbx.Sample.Domain.csproj", "{F4B32CA9-32CF-4186-888A-F2ECD9CF00F9}"
EndProject
Project("{9A19103F-16F7-4668-BE54-9A1E7A4F7556}") = "Wbx.Sample.Application", "src\Wbx.Sample.Application\Wbx.Sample.Application.csproj", "{7097F4C2-26AA-4A44-B1EA-87A2558492DC}"
EndProject
Project("{9A19103F-16F7-4668-BE54-9A1E7A4F7556}") = "Wbx.Sample.Hangfire", "src\Wbx.Sample.Hangfire\Wbx.Sample.Hangfire.csproj", "{AB25D0BF-604F-4BB0-BAA1-E133863E42F3}"
EndProject
Project("{9A19103F-16F7-4668-BE54-9A1E7A4F7556}") = "Wbx.Sample.Grpc.Client.Test", "Tests\Wbx.Sample.Grpc.Client.Test\Wbx.Sample.Grpc.Client.Test.csproj", "{F47C347F-C706-4CC4-9943-93ED82BD04B2}"
EndProject
Project("{9A19103F-16F7-4668-BE54-9A1E7A4F7556}") = "Wbx.Sample.Grpc.Service.Test", "Tests\Wbx.Sample.Grpc.Service.Test\Wbx.Sample.Grpc.Service.Test.csproj", "{04A278E9-E145-4A36-BE96-8983CC7AD37A}"
EndProject
Project("{9A19103F-16F7-4668-BE54-9A1E7A4F7556}") = "Wbx.Sample.Application.Test", "Tests\Wbx.Sample.Application.Test\Wbx.Sample.Application.Test.csproj", "{05C129EB-47FC-44FA-AE22-1483A7D7D947}"
EndProject
Project("{9A19103F-16F7-4668-BE54-9A1E7A4F7556}") = "Wbx.Sample.Utils", "src\Wbx.Sample.Utils\Wbx.Sample.Utils.csproj", "{A3D70462-6798-4027-BF46-78C5CA980370}"
EndProject
Project("{9A19103F-16F7-4668-BE54-9A1E7A4F7556}") = "Wbx.Sample.Integration", "src\Wbx.Sample.Integration\Wbx.Sample.Integration.csproj", "{F51C2148-86EA-4EB3-8989-5ECB34CEB917}"
EndProject
Project("{9A19103F-16F7-4668-BE54-9A1E7A4F7556}") = "Wbx.Simple.RabbitMQ.Producer", "src\Wbx.Simple.RabbitMQ.Service\Wbx.Simple.RabbitMQ.Producer.csproj", "{1D72A59D-C968-4651-AE9B-5EA62B2300D2}"
EndProject
Project("{9A19103F-16F7-4668-BE54-9A1E7A4F7556}") = "Wbx.Simple.RabbitMQ.Consumer", "src\Wbx.Simple.RabbitMQ.Client\Wbx.Simple.RabbitMQ.Consumer.csproj", "{2C08B426-6E18-4893-A88F-750B7EF5589B}"
EndProject
Project("{2150E333-8FDC-42A3-9474-1A3956D46DE8}") = "UI", "UI", "{7DAE9303-33D3-43C1-A9E7-7E8E65E86709}"
EndProject
Project("{9A19103F-16F7-4668-BE54-9A1E7A4F7556}") = "Wbx.Sample.Wpf", "src\Wbx.Sample.Wpf\Wbx.Sample.Wpf.csproj", "{C3111A46-EBA4-457B-B17C-7D486261DE55}"
EndProject
Global
	GlobalSection(SolutionConfigurationPlatforms) = preSolution
		Debug|Any CPU = Debug|Any CPU
		Release|Any CPU = Release|Any CPU
	EndGlobalSection
	GlobalSection(ProjectConfigurationPlatforms) = postSolution
		{1F2AB47C-D857-4067-8C11-1DA640CCD302}.Debug|Any CPU.ActiveCfg = Debug|Any CPU
		{1F2AB47C-D857-4067-8C11-1DA640CCD302}.Debug|Any CPU.Build.0 = Debug|Any CPU
		{1F2AB47C-D857-4067-8C11-1DA640CCD302}.Release|Any CPU.ActiveCfg = Release|Any CPU
		{1F2AB47C-D857-4067-8C11-1DA640CCD302}.Release|Any CPU.Build.0 = Release|Any CPU
		{4D9C8FAF-E32C-45DE-8E45-7062D4892364}.Debug|Any CPU.ActiveCfg = Debug|Any CPU
		{4D9C8FAF-E32C-45DE-8E45-7062D4892364}.Debug|Any CPU.Build.0 = Debug|Any CPU
		{4D9C8FAF-E32C-45DE-8E45-7062D4892364}.Release|Any CPU.ActiveCfg = Release|Any CPU
		{4D9C8FAF-E32C-45DE-8E45-7062D4892364}.Release|Any CPU.Build.0 = Release|Any CPU
		{7E58A41E-F16D-4292-BBB9-8B46D00ABA70}.Debug|Any CPU.ActiveCfg = Debug|Any CPU
		{7E58A41E-F16D-4292-BBB9-8B46D00ABA70}.Debug|Any CPU.Build.0 = Debug|Any CPU
		{7E58A41E-F16D-4292-BBB9-8B46D00ABA70}.Release|Any CPU.ActiveCfg = Release|Any CPU
		{7E58A41E-F16D-4292-BBB9-8B46D00ABA70}.Release|Any CPU.Build.0 = Release|Any CPU
		{9E5D9233-AA13-4008-A27D-6F30C60CC2DD}.Debug|Any CPU.ActiveCfg = Debug|Any CPU
		{9E5D9233-AA13-4008-A27D-6F30C60CC2DD}.Debug|Any CPU.Build.0 = Debug|Any CPU
		{9E5D9233-AA13-4008-A27D-6F30C60CC2DD}.Release|Any CPU.ActiveCfg = Release|Any CPU
		{9E5D9233-AA13-4008-A27D-6F30C60CC2DD}.Release|Any CPU.Build.0 = Release|Any CPU
		{1CFA025D-D631-4F89-9EDE-6EA93092D83F}.Debug|Any CPU.ActiveCfg = Debug|Any CPU
		{1CFA025D-D631-4F89-9EDE-6EA93092D83F}.Debug|Any CPU.Build.0 = Debug|Any CPU
		{1CFA025D-D631-4F89-9EDE-6EA93092D83F}.Release|Any CPU.ActiveCfg = Release|Any CPU
		{1CFA025D-D631-4F89-9EDE-6EA93092D83F}.Release|Any CPU.Build.0 = Release|Any CPU
		{8E2389CB-B990-4932-B493-1C5FE614C563}.Debug|Any CPU.ActiveCfg = Debug|Any CPU
		{8E2389CB-B990-4932-B493-1C5FE614C563}.Debug|Any CPU.Build.0 = Debug|Any CPU
		{8E2389CB-B990-4932-B493-1C5FE614C563}.Release|Any CPU.ActiveCfg = Release|Any CPU
		{8E2389CB-B990-4932-B493-1C5FE614C563}.Release|Any CPU.Build.0 = Release|Any CPU
		{F4B32CA9-32CF-4186-888A-F2ECD9CF00F9}.Debug|Any CPU.ActiveCfg = Debug|Any CPU
		{F4B32CA9-32CF-4186-888A-F2ECD9CF00F9}.Debug|Any CPU.Build.0 = Debug|Any CPU
		{F4B32CA9-32CF-4186-888A-F2ECD9CF00F9}.Release|Any CPU.ActiveCfg = Release|Any CPU
		{F4B32CA9-32CF-4186-888A-F2ECD9CF00F9}.Release|Any CPU.Build.0 = Release|Any CPU
		{7097F4C2-26AA-4A44-B1EA-87A2558492DC}.Debug|Any CPU.ActiveCfg = Debug|Any CPU
		{7097F4C2-26AA-4A44-B1EA-87A2558492DC}.Debug|Any CPU.Build.0 = Debug|Any CPU
		{7097F4C2-26AA-4A44-B1EA-87A2558492DC}.Release|Any CPU.ActiveCfg = Release|Any CPU
		{7097F4C2-26AA-4A44-B1EA-87A2558492DC}.Release|Any CPU.Build.0 = Release|Any CPU
		{AB25D0BF-604F-4BB0-BAA1-E133863E42F3}.Debug|Any CPU.ActiveCfg = Debug|Any CPU
		{AB25D0BF-604F-4BB0-BAA1-E133863E42F3}.Debug|Any CPU.Build.0 = Debug|Any CPU
		{AB25D0BF-604F-4BB0-BAA1-E133863E42F3}.Release|Any CPU.ActiveCfg = Release|Any CPU
		{AB25D0BF-604F-4BB0-BAA1-E133863E42F3}.Release|Any CPU.Build.0 = Release|Any CPU
		{F47C347F-C706-4CC4-9943-93ED82BD04B2}.Debug|Any CPU.ActiveCfg = Debug|Any CPU
		{F47C347F-C706-4CC4-9943-93ED82BD04B2}.Debug|Any CPU.Build.0 = Debug|Any CPU
		{F47C347F-C706-4CC4-9943-93ED82BD04B2}.Release|Any CPU.ActiveCfg = Release|Any CPU
		{F47C347F-C706-4CC4-9943-93ED82BD04B2}.Release|Any CPU.Build.0 = Release|Any CPU
		{04A278E9-E145-4A36-BE96-8983CC7AD37A}.Debug|Any CPU.ActiveCfg = Debug|Any CPU
		{04A278E9-E145-4A36-BE96-8983CC7AD37A}.Debug|Any CPU.Build.0 = Debug|Any CPU
		{04A278E9-E145-4A36-BE96-8983CC7AD37A}.Release|Any CPU.ActiveCfg = Release|Any CPU
		{04A278E9-E145-4A36-BE96-8983CC7AD37A}.Release|Any CPU.Build.0 = Release|Any CPU
		{05C129EB-47FC-44FA-AE22-1483A7D7D947}.Debug|Any CPU.ActiveCfg = Debug|Any CPU
		{05C129EB-47FC-44FA-AE22-1483A7D7D947}.Debug|Any CPU.Build.0 = Debug|Any CPU
		{05C129EB-47FC-44FA-AE22-1483A7D7D947}.Release|Any CPU.ActiveCfg = Release|Any CPU
		{05C129EB-47FC-44FA-AE22-1483A7D7D947}.Release|Any CPU.Build.0 = Release|Any CPU
		{A3D70462-6798-4027-BF46-78C5CA980370}.Debug|Any CPU.ActiveCfg = Debug|Any CPU
		{A3D70462-6798-4027-BF46-78C5CA980370}.Debug|Any CPU.Build.0 = Debug|Any CPU
		{A3D70462-6798-4027-BF46-78C5CA980370}.Release|Any CPU.ActiveCfg = Release|Any CPU
		{A3D70462-6798-4027-BF46-78C5CA980370}.Release|Any CPU.Build.0 = Release|Any CPU
		{F51C2148-86EA-4EB3-8989-5ECB34CEB917}.Debug|Any CPU.ActiveCfg = Debug|Any CPU
		{F51C2148-86EA-4EB3-8989-5ECB34CEB917}.Debug|Any CPU.Build.0 = Debug|Any CPU
		{F51C2148-86EA-4EB3-8989-5ECB34CEB917}.Release|Any CPU.ActiveCfg = Release|Any CPU
		{F51C2148-86EA-4EB3-8989-5ECB34CEB917}.Release|Any CPU.Build.0 = Release|Any CPU
		{1D72A59D-C968-4651-AE9B-5EA62B2300D2}.Debug|Any CPU.ActiveCfg = Debug|Any CPU
		{1D72A59D-C968-4651-AE9B-5EA62B2300D2}.Debug|Any CPU.Build.0 = Debug|Any CPU
		{1D72A59D-C968-4651-AE9B-5EA62B2300D2}.Release|Any CPU.ActiveCfg = Release|Any CPU
		{1D72A59D-C968-4651-AE9B-5EA62B2300D2}.Release|Any CPU.Build.0 = Release|Any CPU
		{2C08B426-6E18-4893-A88F-750B7EF5589B}.Debug|Any CPU.ActiveCfg = Debug|Any CPU
		{2C08B426-6E18-4893-A88F-750B7EF5589B}.Debug|Any CPU.Build.0 = Debug|Any CPU
		{2C08B426-6E18-4893-A88F-750B7EF5589B}.Release|Any CPU.ActiveCfg = Release|Any CPU
		{2C08B426-6E18-4893-A88F-750B7EF5589B}.Release|Any CPU.Build.0 = Release|Any CPU
		{C3111A46-EBA4-457B-B17C-7D486261DE55}.Debug|Any CPU.ActiveCfg = Debug|Any CPU
		{C3111A46-EBA4-457B-B17C-7D486261DE55}.Debug|Any CPU.Build.0 = Debug|Any CPU
		{C3111A46-EBA4-457B-B17C-7D486261DE55}.Release|Any CPU.ActiveCfg = Release|Any CPU
		{C3111A46-EBA4-457B-B17C-7D486261DE55}.Release|Any CPU.Build.0 = Release|Any CPU
	EndGlobalSection
	GlobalSection(SolutionProperties) = preSolution
		HideSolutionNode = FALSE
	EndGlobalSection
	GlobalSection(NestedProjects) = preSolution
		{1F2AB47C-D857-4067-8C11-1DA640CCD302} = {85308964-E0B4-47A3-8C28-E8FE4618A81D}
		{4D9C8FAF-E32C-45DE-8E45-7062D4892364} = {85308964-E0B4-47A3-8C28-E8FE4618A81D}
		{7E58A41E-F16D-4292-BBB9-8B46D00ABA70} = {85308964-E0B4-47A3-8C28-E8FE4618A81D}
		{9E5D9233-AA13-4008-A27D-6F30C60CC2DD} = {85308964-E0B4-47A3-8C28-E8FE4618A81D}
		{1CFA025D-D631-4F89-9EDE-6EA93092D83F} = {5DDB4D6B-A009-4F82-9DF7-7F314659DF92}
		{8E2389CB-B990-4932-B493-1C5FE614C563} = {5DDB4D6B-A009-4F82-9DF7-7F314659DF92}
		{F4B32CA9-32CF-4186-888A-F2ECD9CF00F9} = {68060555-FBC8-44F5-A584-5B0D2E09C7DD}
		{7097F4C2-26AA-4A44-B1EA-87A2558492DC} = {68060555-FBC8-44F5-A584-5B0D2E09C7DD}
		{AB25D0BF-604F-4BB0-BAA1-E133863E42F3} = {68060555-FBC8-44F5-A584-5B0D2E09C7DD}
		{F47C347F-C706-4CC4-9943-93ED82BD04B2} = {2BD7075D-10DB-484D-A309-1BE84842816B}
		{04A278E9-E145-4A36-BE96-8983CC7AD37A} = {2BD7075D-10DB-484D-A309-1BE84842816B}
		{05C129EB-47FC-44FA-AE22-1483A7D7D947} = {2BD7075D-10DB-484D-A309-1BE84842816B}
		{A3D70462-6798-4027-BF46-78C5CA980370} = {68060555-FBC8-44F5-A584-5B0D2E09C7DD}
		{F51C2148-86EA-4EB3-8989-5ECB34CEB917} = {68060555-FBC8-44F5-A584-5B0D2E09C7DD}
		{1D72A59D-C968-4651-AE9B-5EA62B2300D2} = {85308964-E0B4-47A3-8C28-E8FE4618A81D}
		{2C08B426-6E18-4893-A88F-750B7EF5589B} = {85308964-E0B4-47A3-8C28-E8FE4618A81D}
		{C3111A46-EBA4-457B-B17C-7D486261DE55} = {7DAE9303-33D3-43C1-A9E7-7E8E65E86709}
	EndGlobalSection
	GlobalSection(ExtensibilityGlobals) = postSolution
		SolutionGuid = {8A241F40-1F31-4B82-8D4C-1233AF97E78C}
	EndGlobalSection
EndGlobal
